
Microsoft Visual Studio Solution File, Format Version 12.00
# Visual Studio Version 16
VisualStudioVersion = 16.0.30002.166
MinimumVisualStudioVersion = 10.0.40219.1
Project("{FAE04EC0-301F-11D3-BF4B-00C04F79EFBC}") = "23_04_2020", "23_04_2020\23_04_2020.csproj", "{D7E33AE6-8480-4144-AE79-9868BDFF614E}"
	ProjectSection(ProjectDependencies) = postProject
		{7675A5F6-2206-4CBA-A9BB-541089501C9B} = {7675A5F6-2206-4CBA-A9BB-541089501C9B}
	EndProjectSection
EndProject
Project("{FAE04EC0-301F-11D3-BF4B-00C04F79EFBC}") = "Translator", "Translator\Translator.csproj", "{7675A5F6-2206-4CBA-A9BB-541089501C9B}"
EndProject
Project("{FAE04EC0-301F-11D3-BF4B-00C04F79EFBC}") = "DAL_", "DAL_\DAL_.csproj", "{F7A2B7D8-882D-457D-ABF2-F545D21D4B5B}"
EndProject
Global
	GlobalSection(SolutionConfigurationPlatforms) = preSolution
		Debug|Any CPU = Debug|Any CPU
		Release|Any CPU = Release|Any CPU
	EndGlobalSection
	GlobalSection(ProjectConfigurationPlatforms) = postSolution
		{D7E33AE6-8480-4144-AE79-9868BDFF614E}.Debug|Any CPU.ActiveCfg = Debug|Any CPU
		{D7E33AE6-8480-4144-AE79-9868BDFF614E}.Debug|Any CPU.Build.0 = Debug|Any CPU
		{D7E33AE6-8480-4144-AE79-9868BDFF614E}.Release|Any CPU.ActiveCfg = Release|Any CPU
		{D7E33AE6-8480-4144-AE79-9868BDFF614E}.Release|Any CPU.Build.0 = Release|Any CPU
		{7675A5F6-2206-4CBA-A9BB-541089501C9B}.Debug|Any CPU.ActiveCfg = Debug|Any CPU
		{7675A5F6-2206-4CBA-A9BB-541089501C9B}.Debug|Any CPU.Build.0 = Debug|Any CPU
		{7675A5F6-2206-4CBA-A9BB-541089501C9B}.Release|Any CPU.ActiveCfg = Release|Any CPU
		{7675A5F6-2206-4CBA-A9BB-541089501C9B}.Release|Any CPU.Build.0 = Release|Any CPU
		{F7A2B7D8-882D-457D-ABF2-F545D21D4B5B}.Debug|Any CPU.ActiveCfg = Debug|Any CPU
		{F7A2B7D8-882D-457D-ABF2-F545D21D4B5B}.Debug|Any CPU.Build.0 = Debug|Any CPU
		{F7A2B7D8-882D-457D-ABF2-F545D21D4B5B}.Release|Any CPU.ActiveCfg = Release|Any CPU
		{F7A2B7D8-882D-457D-ABF2-F545D21D4B5B}.Release|Any CPU.Build.0 = Release|Any CPU
	EndGlobalSection
	GlobalSection(SolutionProperties) = preSolution
		HideSolutionNode = FALSE
	EndGlobalSection
	GlobalSection(ExtensibilityGlobals) = postSolution
		SolutionGuid = {D4B41EF2-BE20-4C08-888D-F95E09D4980B}
	EndGlobalSection
EndGlobal
