
Microsoft Visual Studio Solution File, Format Version 12.00
# Visual Studio Version 16
VisualStudioVersion = 16.0.29519.87
MinimumVisualStudioVersion = 10.0.40219.1
Project("{FAE04EC0-301F-11D3-BF4B-00C04F79EFBC}") = "Client", "Client\Client.csproj", "{6049F2CA-8549-4A08-B2C7-F30D8FF5FC8F}"
	ProjectSection(ProjectDependencies) = postProject
		{67500AAB-6465-4635-B226-2FE816CEC7D6} = {67500AAB-6465-4635-B226-2FE816CEC7D6}
	EndProjectSection
EndProject
Project("{FAE04EC0-301F-11D3-BF4B-00C04F79EFBC}") = "WServ", "WServ\WServ.csproj", "{E211D01A-1EAB-4A5B-849E-A1080A3367C8}"
EndProject
Project("{FAE04EC0-301F-11D3-BF4B-00C04F79EFBC}") = "ConverterSL", "ConverterSL\ConverterSL.csproj", "{67500AAB-6465-4635-B226-2FE816CEC7D6}"
EndProject
Global
	GlobalSection(SolutionConfigurationPlatforms) = preSolution
		Debug|Any CPU = Debug|Any CPU
		Release|Any CPU = Release|Any CPU
	EndGlobalSection
	GlobalSection(ProjectConfigurationPlatforms) = postSolution
		{6049F2CA-8549-4A08-B2C7-F30D8FF5FC8F}.Debug|Any CPU.ActiveCfg = Debug|Any CPU
		{6049F2CA-8549-4A08-B2C7-F30D8FF5FC8F}.Debug|Any CPU.Build.0 = Debug|Any CPU
		{6049F2CA-8549-4A08-B2C7-F30D8FF5FC8F}.Release|Any CPU.ActiveCfg = Release|Any CPU
		{6049F2CA-8549-4A08-B2C7-F30D8FF5FC8F}.Release|Any CPU.Build.0 = Release|Any CPU
		{E211D01A-1EAB-4A5B-849E-A1080A3367C8}.Debug|Any CPU.ActiveCfg = Debug|Any CPU
		{E211D01A-1EAB-4A5B-849E-A1080A3367C8}.Debug|Any CPU.Build.0 = Debug|Any CPU
		{E211D01A-1EAB-4A5B-849E-A1080A3367C8}.Release|Any CPU.ActiveCfg = Release|Any CPU
		{E211D01A-1EAB-4A5B-849E-A1080A3367C8}.Release|Any CPU.Build.0 = Release|Any CPU
		{67500AAB-6465-4635-B226-2FE816CEC7D6}.Debug|Any CPU.ActiveCfg = Debug|Any CPU
		{67500AAB-6465-4635-B226-2FE816CEC7D6}.Debug|Any CPU.Build.0 = Debug|Any CPU
		{67500AAB-6465-4635-B226-2FE816CEC7D6}.Release|Any CPU.ActiveCfg = Release|Any CPU
		{67500AAB-6465-4635-B226-2FE816CEC7D6}.Release|Any CPU.Build.0 = Release|Any CPU
	EndGlobalSection
	GlobalSection(SolutionProperties) = preSolution
		HideSolutionNode = FALSE
	EndGlobalSection
	GlobalSection(ExtensibilityGlobals) = postSolution
		SolutionGuid = {31351DD9-A02F-4B6F-ABE1-59ACA7BAE82D}
	EndGlobalSection
EndGlobal
